
Microsoft Visual Studio Solution File, Format Version 12.00
# Visual Studio 15
VisualStudioVersion = 15.0.27130.2010
MinimumVisualStudioVersion = 10.0.40219.1
Project("{8BC9CEB8-8B4A-11D0-8D11-00A0C91BC942}") = "Task51_AliceBob", "Task51_AliceBob\Task51_AliceBob.vcxproj", "{0B74668D-F996-4B2B-A841-0C8FE1F0FB78}"
EndProject
Project("{2150E333-8FDC-42A3-9474-1A3956D46DE8}") = "Description", "Description", "{2E456F5C-488C-4A5E-A0A3-CBDB58E184F9}"
	ProjectSection(SolutionItems) = preProject
		README.md = README.md
	EndProjectSection
EndProject
Project("{FAE04EC0-301F-11D3-BF4B-00C04F79EFBC}") = "Task51_AnswerFromTheAuthor", "Task51_AliceBob\AnswerFromTheAuthor\Task51_AnswerFromTheAuthor.csproj", "{3F218A39-EF19-40E5-AD40-F2788765E936}"
EndProject
Project("{8BC9CEB8-8B4A-11D0-8D11-00A0C91BC942}") = "Task52_Tours", "Task52_Tours\Task52_Tours.vcxproj", "{035DF0C8-26B7-48FE-875B-A4E62C136BEC}"
EndProject
Project("{2150E333-8FDC-42A3-9474-1A3956D46DE8}") = "Task51", "Task51", "{427A5AE3-0263-4806-B403-158BCEE41552}"
EndProject
Project("{2150E333-8FDC-42A3-9474-1A3956D46DE8}") = "Task52", "Task52", "{E64A41A6-967D-43C5-AB93-BA55FE2953C7}"
EndProject
Project("{888888A0-9F3D-457C-B088-3A5042F75D52}") = "Task51_Yuliok_07", "Task51_AliceBob\AnswerFrom@Yuliok_07\Task51_Yuliok_07.pyproj", "{4EBD34D1-C988-475F-9A38-4E4847647BAE}"
EndProject
Project("{6EC3EE1D-3C4E-46DD-8F32-0CC8E7565705}") = "Task56_PartialAmounts", "Task56_PartialAmounts\Task56_PartialAmounts.fsproj", "{9E250423-5A59-4222-BA3F-95F2EFA0D898}"
EndProject
Project("{2150E333-8FDC-42A3-9474-1A3956D46DE8}") = "Task56", "Task56", "{8D2B1CDC-D7DD-47DC-B595-999D2EA6CF79}"
EndProject
Global
	GlobalSection(SolutionConfigurationPlatforms) = preSolution
		Debug|Any CPU = Debug|Any CPU
		Debug|x64 = Debug|x64
		Debug|x86 = Debug|x86
		Release|Any CPU = Release|Any CPU
		Release|x64 = Release|x64
		Release|x86 = Release|x86
	EndGlobalSection
	GlobalSection(ProjectConfigurationPlatforms) = postSolution
		{0B74668D-F996-4B2B-A841-0C8FE1F0FB78}.Debug|Any CPU.ActiveCfg = Debug|Win32
		{0B74668D-F996-4B2B-A841-0C8FE1F0FB78}.Debug|x64.ActiveCfg = Debug|x64
		{0B74668D-F996-4B2B-A841-0C8FE1F0FB78}.Debug|x64.Build.0 = Debug|x64
		{0B74668D-F996-4B2B-A841-0C8FE1F0FB78}.Debug|x86.ActiveCfg = Debug|Win32
		{0B74668D-F996-4B2B-A841-0C8FE1F0FB78}.Debug|x86.Build.0 = Debug|Win32
		{0B74668D-F996-4B2B-A841-0C8FE1F0FB78}.Release|Any CPU.ActiveCfg = Release|Win32
		{0B74668D-F996-4B2B-A841-0C8FE1F0FB78}.Release|x64.ActiveCfg = Release|x64
		{0B74668D-F996-4B2B-A841-0C8FE1F0FB78}.Release|x64.Build.0 = Release|x64
		{0B74668D-F996-4B2B-A841-0C8FE1F0FB78}.Release|x86.ActiveCfg = Release|Win32
		{0B74668D-F996-4B2B-A841-0C8FE1F0FB78}.Release|x86.Build.0 = Release|Win32
		{3F218A39-EF19-40E5-AD40-F2788765E936}.Debug|Any CPU.ActiveCfg = Debug|Any CPU
		{3F218A39-EF19-40E5-AD40-F2788765E936}.Debug|Any CPU.Build.0 = Debug|Any CPU
		{3F218A39-EF19-40E5-AD40-F2788765E936}.Debug|x64.ActiveCfg = Debug|Any CPU
		{3F218A39-EF19-40E5-AD40-F2788765E936}.Debug|x64.Build.0 = Debug|Any CPU
		{3F218A39-EF19-40E5-AD40-F2788765E936}.Debug|x86.ActiveCfg = Debug|Any CPU
		{3F218A39-EF19-40E5-AD40-F2788765E936}.Debug|x86.Build.0 = Debug|Any CPU
		{3F218A39-EF19-40E5-AD40-F2788765E936}.Release|Any CPU.ActiveCfg = Release|Any CPU
		{3F218A39-EF19-40E5-AD40-F2788765E936}.Release|Any CPU.Build.0 = Release|Any CPU
		{3F218A39-EF19-40E5-AD40-F2788765E936}.Release|x64.ActiveCfg = Release|Any CPU
		{3F218A39-EF19-40E5-AD40-F2788765E936}.Release|x64.Build.0 = Release|Any CPU
		{3F218A39-EF19-40E5-AD40-F2788765E936}.Release|x86.ActiveCfg = Release|Any CPU
		{3F218A39-EF19-40E5-AD40-F2788765E936}.Release|x86.Build.0 = Release|Any CPU
		{035DF0C8-26B7-48FE-875B-A4E62C136BEC}.Debug|Any CPU.ActiveCfg = Debug|Win32
		{035DF0C8-26B7-48FE-875B-A4E62C136BEC}.Debug|x64.ActiveCfg = Debug|x64
		{035DF0C8-26B7-48FE-875B-A4E62C136BEC}.Debug|x64.Build.0 = Debug|x64
		{035DF0C8-26B7-48FE-875B-A4E62C136BEC}.Debug|x86.ActiveCfg = Debug|Win32
		{035DF0C8-26B7-48FE-875B-A4E62C136BEC}.Debug|x86.Build.0 = Debug|Win32
		{035DF0C8-26B7-48FE-875B-A4E62C136BEC}.Release|Any CPU.ActiveCfg = Release|Win32
		{035DF0C8-26B7-48FE-875B-A4E62C136BEC}.Release|x64.ActiveCfg = Release|x64
		{035DF0C8-26B7-48FE-875B-A4E62C136BEC}.Release|x64.Build.0 = Release|x64
		{035DF0C8-26B7-48FE-875B-A4E62C136BEC}.Release|x86.ActiveCfg = Release|Win32
		{035DF0C8-26B7-48FE-875B-A4E62C136BEC}.Release|x86.Build.0 = Release|Win32
		{4EBD34D1-C988-475F-9A38-4E4847647BAE}.Debug|Any CPU.ActiveCfg = Debug|Any CPU
		{4EBD34D1-C988-475F-9A38-4E4847647BAE}.Debug|x64.ActiveCfg = Debug|Any CPU
		{4EBD34D1-C988-475F-9A38-4E4847647BAE}.Debug|x86.ActiveCfg = Debug|Any CPU
		{4EBD34D1-C988-475F-9A38-4E4847647BAE}.Release|Any CPU.ActiveCfg = Release|Any CPU
		{4EBD34D1-C988-475F-9A38-4E4847647BAE}.Release|x64.ActiveCfg = Release|Any CPU
		{4EBD34D1-C988-475F-9A38-4E4847647BAE}.Release|x86.ActiveCfg = Release|Any CPU
		{9E250423-5A59-4222-BA3F-95F2EFA0D898}.Debug|Any CPU.ActiveCfg = Debug|Any CPU
		{9E250423-5A59-4222-BA3F-95F2EFA0D898}.Debug|Any CPU.Build.0 = Debug|Any CPU
		{9E250423-5A59-4222-BA3F-95F2EFA0D898}.Debug|x64.ActiveCfg = Debug|Any CPU
		{9E250423-5A59-4222-BA3F-95F2EFA0D898}.Debug|x64.Build.0 = Debug|Any CPU
		{9E250423-5A59-4222-BA3F-95F2EFA0D898}.Debug|x86.ActiveCfg = Debug|Any CPU
		{9E250423-5A59-4222-BA3F-95F2EFA0D898}.Debug|x86.Build.0 = Debug|Any CPU
		{9E250423-5A59-4222-BA3F-95F2EFA0D898}.Release|Any CPU.ActiveCfg = Release|Any CPU
		{9E250423-5A59-4222-BA3F-95F2EFA0D898}.Release|Any CPU.Build.0 = Release|Any CPU
		{9E250423-5A59-4222-BA3F-95F2EFA0D898}.Release|x64.ActiveCfg = Release|Any CPU
		{9E250423-5A59-4222-BA3F-95F2EFA0D898}.Release|x64.Build.0 = Release|Any CPU
		{9E250423-5A59-4222-BA3F-95F2EFA0D898}.Release|x86.ActiveCfg = Release|Any CPU
		{9E250423-5A59-4222-BA3F-95F2EFA0D898}.Release|x86.Build.0 = Release|Any CPU
	EndGlobalSection
	GlobalSection(SolutionProperties) = preSolution
		HideSolutionNode = FALSE
	EndGlobalSection
	GlobalSection(NestedProjects) = preSolution
		{0B74668D-F996-4B2B-A841-0C8FE1F0FB78} = {427A5AE3-0263-4806-B403-158BCEE41552}
		{3F218A39-EF19-40E5-AD40-F2788765E936} = {427A5AE3-0263-4806-B403-158BCEE41552}
		{035DF0C8-26B7-48FE-875B-A4E62C136BEC} = {E64A41A6-967D-43C5-AB93-BA55FE2953C7}
		{4EBD34D1-C988-475F-9A38-4E4847647BAE} = {427A5AE3-0263-4806-B403-158BCEE41552}
		{9E250423-5A59-4222-BA3F-95F2EFA0D898} = {8D2B1CDC-D7DD-47DC-B595-999D2EA6CF79}
	EndGlobalSection
	GlobalSection(ExtensibilityGlobals) = postSolution
		SolutionGuid = {E63DB1DF-939D-4EA0-B949-929DA8A62079}
	EndGlobalSection
EndGlobal
