
Microsoft Visual Studio Solution File, Format Version 12.00
# Visual Studio 15
VisualStudioVersion = 15.0.28010.2003
MinimumVisualStudioVersion = 10.0.40219.1
Project("{FAE04EC0-301F-11D3-BF4B-00C04F79EFBC}") = "Task121cs", "Task121cs\Task121cs.csproj", "{4B13D129-68AD-41F3-91CA-09D69C833113}"
EndProject
Project("{FAE04EC0-301F-11D3-BF4B-00C04F79EFBC}") = "Task121byteCs", "Task121byteCs\Task121byteCs.csproj", "{130B756A-B3C2-4EEA-9023-088622999DE0}"
EndProject
Project("{F2A71F9B-5D33-465A-A702-920D77279786}") = "Task121fs", "Task121fs\Task121fs.fsproj", "{60F92C31-7DBA-4026-83DF-CB0FBE79FE49}"
EndProject
Global
	GlobalSection(SolutionConfigurationPlatforms) = preSolution
		Debug|Any CPU = Debug|Any CPU
		Release|Any CPU = Release|Any CPU
	EndGlobalSection
	GlobalSection(ProjectConfigurationPlatforms) = postSolution
		{4B13D129-68AD-41F3-91CA-09D69C833113}.Debug|Any CPU.ActiveCfg = Debug|Any CPU
		{4B13D129-68AD-41F3-91CA-09D69C833113}.Debug|Any CPU.Build.0 = Debug|Any CPU
		{4B13D129-68AD-41F3-91CA-09D69C833113}.Release|Any CPU.ActiveCfg = Release|Any CPU
		{4B13D129-68AD-41F3-91CA-09D69C833113}.Release|Any CPU.Build.0 = Release|Any CPU
		{130B756A-B3C2-4EEA-9023-088622999DE0}.Debug|Any CPU.ActiveCfg = Debug|Any CPU
		{130B756A-B3C2-4EEA-9023-088622999DE0}.Debug|Any CPU.Build.0 = Debug|Any CPU
		{130B756A-B3C2-4EEA-9023-088622999DE0}.Release|Any CPU.ActiveCfg = Release|Any CPU
		{130B756A-B3C2-4EEA-9023-088622999DE0}.Release|Any CPU.Build.0 = Release|Any CPU
		{60F92C31-7DBA-4026-83DF-CB0FBE79FE49}.Debug|Any CPU.ActiveCfg = Debug|Any CPU
		{60F92C31-7DBA-4026-83DF-CB0FBE79FE49}.Debug|Any CPU.Build.0 = Debug|Any CPU
		{60F92C31-7DBA-4026-83DF-CB0FBE79FE49}.Release|Any CPU.ActiveCfg = Release|Any CPU
		{60F92C31-7DBA-4026-83DF-CB0FBE79FE49}.Release|Any CPU.Build.0 = Release|Any CPU
	EndGlobalSection
	GlobalSection(SolutionProperties) = preSolution
		HideSolutionNode = FALSE
	EndGlobalSection
	GlobalSection(ExtensibilityGlobals) = postSolution
		SolutionGuid = {6E25C3BE-21D4-4611-B0FD-0756A14A305D}
	EndGlobalSection
EndGlobal
