
Microsoft Visual Studio Solution File, Format Version 12.00
# Visual Studio 15
VisualStudioVersion = 15.0.27130.2010
MinimumVisualStudioVersion = 10.0.40219.1
Project("{F2A71F9B-5D33-465A-A702-920D77279786}") = "Task56_lPestl", "lPestl\Task56_lPestl.fsproj", "{36D38973-D04E-4E8A-A905-BCEB06C672D1}"
EndProject
Global
	GlobalSection(SolutionConfigurationPlatforms) = preSolution
		Debug|Any CPU = Debug|Any CPU
		Release|Any CPU = Release|Any CPU
	EndGlobalSection
	GlobalSection(ProjectConfigurationPlatforms) = postSolution
		{36D38973-D04E-4E8A-A905-BCEB06C672D1}.Debug|Any CPU.ActiveCfg = Debug|Any CPU
		{36D38973-D04E-4E8A-A905-BCEB06C672D1}.Debug|Any CPU.Build.0 = Debug|Any CPU
		{36D38973-D04E-4E8A-A905-BCEB06C672D1}.Release|Any CPU.ActiveCfg = Release|Any CPU
		{36D38973-D04E-4E8A-A905-BCEB06C672D1}.Release|Any CPU.Build.0 = Release|Any CPU
	EndGlobalSection
	GlobalSection(SolutionProperties) = preSolution
		HideSolutionNode = FALSE
	EndGlobalSection
	GlobalSection(ExtensibilityGlobals) = postSolution
		SolutionGuid = {10DFF031-A341-4F75-B60C-DCED6A04EB4C}
	EndGlobalSection
EndGlobal
