
Microsoft Visual Studio Solution File, Format Version 12.00
# Visual Studio 15
VisualStudioVersion = 15.0.27130.2010
MinimumVisualStudioVersion = 10.0.40219.1
Project("{6EC3EE1D-3C4E-46DD-8F32-0CC8E7565705}") = "Task56_lPestl", "lPestl\Task56_lPestl.fsproj", "{36D38973-D04E-4E8A-A905-BCEB06C672D1}"
EndProject
Project("{2150E333-8FDC-42A3-9474-1A3956D46DE8}") = "Solution Items", "Solution Items", "{FE15B4B0-1CB9-4B2E-A907-BD5D23992675}"
	ProjectSection(SolutionItems) = preProject
		README.md = README.md
	EndProjectSection
EndProject
Global
	GlobalSection(SolutionConfigurationPlatforms) = preSolution
		Debug|Any CPU = Debug|Any CPU
		Release|Any CPU = Release|Any CPU
	EndGlobalSection
	GlobalSection(ProjectConfigurationPlatforms) = postSolution
		{36D38973-D04E-4E8A-A905-BCEB06C672D1}.Debug|Any CPU.ActiveCfg = Debug|Any CPU
		{36D38973-D04E-4E8A-A905-BCEB06C672D1}.Debug|Any CPU.Build.0 = Debug|Any CPU
		{36D38973-D04E-4E8A-A905-BCEB06C672D1}.Release|Any CPU.ActiveCfg = Release|Any CPU
		{36D38973-D04E-4E8A-A905-BCEB06C672D1}.Release|Any CPU.Build.0 = Release|Any CPU
	EndGlobalSection
	GlobalSection(SolutionProperties) = preSolution
		HideSolutionNode = FALSE
	EndGlobalSection
	GlobalSection(ExtensibilityGlobals) = postSolution
		SolutionGuid = {10DFF031-A341-4F75-B60C-DCED6A04EB4C}
	EndGlobalSection
EndGlobal
