
Microsoft Visual Studio Solution File, Format Version 12.00
# Visual Studio 15
VisualStudioVersion = 15.0.27130.2010
MinimumVisualStudioVersion = 10.0.40219.1
Project("{262852C6-CD72-467D-83FE-5EEB1973A190}") = "Task57_lPestl", "lPestl\Task57_lPestl.jsproj", "{432A9D1E-0A4D-4607-8DED-8086291A1B62}"
EndProject
Project("{2150E333-8FDC-42A3-9474-1A3956D46DE8}") = "Solution Items", "Solution Items", "{1074EB2D-7AC6-4632-8C03-A69D6129D5BF}"
	ProjectSection(SolutionItems) = preProject
		README.md = README.md
	EndProjectSection
EndProject
Global
	GlobalSection(SolutionConfigurationPlatforms) = preSolution
		Debug|Any CPU = Debug|Any CPU
		Debug|ARM = Debug|ARM
		Debug|x64 = Debug|x64
		Debug|x86 = Debug|x86
		Release|Any CPU = Release|Any CPU
		Release|ARM = Release|ARM
		Release|x64 = Release|x64
		Release|x86 = Release|x86
	EndGlobalSection
	GlobalSection(ProjectConfigurationPlatforms) = postSolution
		{432A9D1E-0A4D-4607-8DED-8086291A1B62}.Debug|Any CPU.ActiveCfg = Debug|Any CPU
		{432A9D1E-0A4D-4607-8DED-8086291A1B62}.Debug|Any CPU.Build.0 = Debug|Any CPU
		{432A9D1E-0A4D-4607-8DED-8086291A1B62}.Debug|Any CPU.Deploy.0 = Debug|Any CPU
		{432A9D1E-0A4D-4607-8DED-8086291A1B62}.Debug|ARM.ActiveCfg = Debug|ARM
		{432A9D1E-0A4D-4607-8DED-8086291A1B62}.Debug|ARM.Build.0 = Debug|ARM
		{432A9D1E-0A4D-4607-8DED-8086291A1B62}.Debug|ARM.Deploy.0 = Debug|ARM
		{432A9D1E-0A4D-4607-8DED-8086291A1B62}.Debug|x64.ActiveCfg = Debug|x64
		{432A9D1E-0A4D-4607-8DED-8086291A1B62}.Debug|x64.Build.0 = Debug|x64
		{432A9D1E-0A4D-4607-8DED-8086291A1B62}.Debug|x64.Deploy.0 = Debug|x64
		{432A9D1E-0A4D-4607-8DED-8086291A1B62}.Debug|x86.ActiveCfg = Debug|x86
		{432A9D1E-0A4D-4607-8DED-8086291A1B62}.Debug|x86.Build.0 = Debug|x86
		{432A9D1E-0A4D-4607-8DED-8086291A1B62}.Debug|x86.Deploy.0 = Debug|x86
		{432A9D1E-0A4D-4607-8DED-8086291A1B62}.Release|Any CPU.ActiveCfg = Release|Any CPU
		{432A9D1E-0A4D-4607-8DED-8086291A1B62}.Release|Any CPU.Build.0 = Release|Any CPU
		{432A9D1E-0A4D-4607-8DED-8086291A1B62}.Release|Any CPU.Deploy.0 = Release|Any CPU
		{432A9D1E-0A4D-4607-8DED-8086291A1B62}.Release|ARM.ActiveCfg = Release|ARM
		{432A9D1E-0A4D-4607-8DED-8086291A1B62}.Release|ARM.Build.0 = Release|ARM
		{432A9D1E-0A4D-4607-8DED-8086291A1B62}.Release|ARM.Deploy.0 = Release|ARM
		{432A9D1E-0A4D-4607-8DED-8086291A1B62}.Release|x64.ActiveCfg = Release|x64
		{432A9D1E-0A4D-4607-8DED-8086291A1B62}.Release|x64.Build.0 = Release|x64
		{432A9D1E-0A4D-4607-8DED-8086291A1B62}.Release|x64.Deploy.0 = Release|x64
		{432A9D1E-0A4D-4607-8DED-8086291A1B62}.Release|x86.ActiveCfg = Release|x86
		{432A9D1E-0A4D-4607-8DED-8086291A1B62}.Release|x86.Build.0 = Release|x86
		{432A9D1E-0A4D-4607-8DED-8086291A1B62}.Release|x86.Deploy.0 = Release|x86
	EndGlobalSection
	GlobalSection(SolutionProperties) = preSolution
		HideSolutionNode = FALSE
	EndGlobalSection
	GlobalSection(ExtensibilityGlobals) = postSolution
		SolutionGuid = {9ACB387F-C8C1-4A85-B0CD-8D204B48E7C9}
	EndGlobalSection
EndGlobal
