
Microsoft Visual Studio Solution File, Format Version 12.00
# Visual Studio 15
VisualStudioVersion = 15.0.28010.2046
MinimumVisualStudioVersion = 10.0.40219.1
Project("{8BC9CEB8-8B4A-11D0-8D11-00A0C91BC942}") = "Task133cpp", "Task133cpp\Task133cpp.vcxproj", "{73C1A020-1B8E-49C8-918F-9BEC3474BB66}"
EndProject
Project("{2150E333-8FDC-42A3-9474-1A3956D46DE8}") = "Solution Items", "Solution Items", "{33683A4C-7619-4969-8A71-124FED44B90B}"
	ProjectSection(SolutionItems) = preProject
		README.md = README.md
	EndProjectSection
EndProject
Project("{FAE04EC0-301F-11D3-BF4B-00C04F79EFBC}") = "Task133cs", "Task133cs\Task133cs.csproj", "{3C151F0F-6CD0-476E-8D70-77263410AE85}"
EndProject
Project("{F2A71F9B-5D33-465A-A702-920D77279786}") = "Task133fs", "Task133fs\Task133fs.fsproj", "{9E856B53-C95E-4428-AE00-A7D0EBC18CC5}"
EndProject
Project("{F184B08F-C81C-45F6-A57F-5ABD9991F28F}") = "Task133vb", "Task133vb\Task133vb.vbproj", "{4D29A695-7176-4B3D-89F2-75099571FB51}"
EndProject
Project("{262852C6-CD72-467D-83FE-5EEB1973A190}") = "Task133js", "Task133js\Task133js.jsproj", "{1EF2BD92-7B68-4A86-BC04-18C041B04DE7}"
EndProject
Global
	GlobalSection(SolutionConfigurationPlatforms) = preSolution
		Debug|Any CPU = Debug|Any CPU
		Debug|ARM = Debug|ARM
		Debug|x64 = Debug|x64
		Debug|x86 = Debug|x86
		Release|Any CPU = Release|Any CPU
		Release|ARM = Release|ARM
		Release|x64 = Release|x64
		Release|x86 = Release|x86
	EndGlobalSection
	GlobalSection(ProjectConfigurationPlatforms) = postSolution
		{73C1A020-1B8E-49C8-918F-9BEC3474BB66}.Debug|Any CPU.ActiveCfg = Debug|Win32
		{73C1A020-1B8E-49C8-918F-9BEC3474BB66}.Debug|ARM.ActiveCfg = Debug|Win32
		{73C1A020-1B8E-49C8-918F-9BEC3474BB66}.Debug|x64.ActiveCfg = Debug|x64
		{73C1A020-1B8E-49C8-918F-9BEC3474BB66}.Debug|x64.Build.0 = Debug|x64
		{73C1A020-1B8E-49C8-918F-9BEC3474BB66}.Debug|x86.ActiveCfg = Debug|Win32
		{73C1A020-1B8E-49C8-918F-9BEC3474BB66}.Debug|x86.Build.0 = Debug|Win32
		{73C1A020-1B8E-49C8-918F-9BEC3474BB66}.Release|Any CPU.ActiveCfg = Release|Win32
		{73C1A020-1B8E-49C8-918F-9BEC3474BB66}.Release|ARM.ActiveCfg = Release|Win32
		{73C1A020-1B8E-49C8-918F-9BEC3474BB66}.Release|x64.ActiveCfg = Release|x64
		{73C1A020-1B8E-49C8-918F-9BEC3474BB66}.Release|x64.Build.0 = Release|x64
		{73C1A020-1B8E-49C8-918F-9BEC3474BB66}.Release|x86.ActiveCfg = Release|Win32
		{73C1A020-1B8E-49C8-918F-9BEC3474BB66}.Release|x86.Build.0 = Release|Win32
		{3C151F0F-6CD0-476E-8D70-77263410AE85}.Debug|Any CPU.ActiveCfg = Debug|Any CPU
		{3C151F0F-6CD0-476E-8D70-77263410AE85}.Debug|Any CPU.Build.0 = Debug|Any CPU
		{3C151F0F-6CD0-476E-8D70-77263410AE85}.Debug|ARM.ActiveCfg = Debug|Any CPU
		{3C151F0F-6CD0-476E-8D70-77263410AE85}.Debug|ARM.Build.0 = Debug|Any CPU
		{3C151F0F-6CD0-476E-8D70-77263410AE85}.Debug|x64.ActiveCfg = Debug|Any CPU
		{3C151F0F-6CD0-476E-8D70-77263410AE85}.Debug|x64.Build.0 = Debug|Any CPU
		{3C151F0F-6CD0-476E-8D70-77263410AE85}.Debug|x86.ActiveCfg = Debug|Any CPU
		{3C151F0F-6CD0-476E-8D70-77263410AE85}.Debug|x86.Build.0 = Debug|Any CPU
		{3C151F0F-6CD0-476E-8D70-77263410AE85}.Release|Any CPU.ActiveCfg = Release|Any CPU
		{3C151F0F-6CD0-476E-8D70-77263410AE85}.Release|Any CPU.Build.0 = Release|Any CPU
		{3C151F0F-6CD0-476E-8D70-77263410AE85}.Release|ARM.ActiveCfg = Release|Any CPU
		{3C151F0F-6CD0-476E-8D70-77263410AE85}.Release|ARM.Build.0 = Release|Any CPU
		{3C151F0F-6CD0-476E-8D70-77263410AE85}.Release|x64.ActiveCfg = Release|Any CPU
		{3C151F0F-6CD0-476E-8D70-77263410AE85}.Release|x64.Build.0 = Release|Any CPU
		{3C151F0F-6CD0-476E-8D70-77263410AE85}.Release|x86.ActiveCfg = Release|Any CPU
		{3C151F0F-6CD0-476E-8D70-77263410AE85}.Release|x86.Build.0 = Release|Any CPU
		{9E856B53-C95E-4428-AE00-A7D0EBC18CC5}.Debug|Any CPU.ActiveCfg = Debug|Any CPU
		{9E856B53-C95E-4428-AE00-A7D0EBC18CC5}.Debug|Any CPU.Build.0 = Debug|Any CPU
		{9E856B53-C95E-4428-AE00-A7D0EBC18CC5}.Debug|ARM.ActiveCfg = Debug|Any CPU
		{9E856B53-C95E-4428-AE00-A7D0EBC18CC5}.Debug|ARM.Build.0 = Debug|Any CPU
		{9E856B53-C95E-4428-AE00-A7D0EBC18CC5}.Debug|x64.ActiveCfg = Debug|Any CPU
		{9E856B53-C95E-4428-AE00-A7D0EBC18CC5}.Debug|x64.Build.0 = Debug|Any CPU
		{9E856B53-C95E-4428-AE00-A7D0EBC18CC5}.Debug|x86.ActiveCfg = Debug|Any CPU
		{9E856B53-C95E-4428-AE00-A7D0EBC18CC5}.Debug|x86.Build.0 = Debug|Any CPU
		{9E856B53-C95E-4428-AE00-A7D0EBC18CC5}.Release|Any CPU.ActiveCfg = Release|Any CPU
		{9E856B53-C95E-4428-AE00-A7D0EBC18CC5}.Release|Any CPU.Build.0 = Release|Any CPU
		{9E856B53-C95E-4428-AE00-A7D0EBC18CC5}.Release|ARM.ActiveCfg = Release|Any CPU
		{9E856B53-C95E-4428-AE00-A7D0EBC18CC5}.Release|ARM.Build.0 = Release|Any CPU
		{9E856B53-C95E-4428-AE00-A7D0EBC18CC5}.Release|x64.ActiveCfg = Release|Any CPU
		{9E856B53-C95E-4428-AE00-A7D0EBC18CC5}.Release|x64.Build.0 = Release|Any CPU
		{9E856B53-C95E-4428-AE00-A7D0EBC18CC5}.Release|x86.ActiveCfg = Release|Any CPU
		{9E856B53-C95E-4428-AE00-A7D0EBC18CC5}.Release|x86.Build.0 = Release|Any CPU
		{4D29A695-7176-4B3D-89F2-75099571FB51}.Debug|Any CPU.ActiveCfg = Debug|Any CPU
		{4D29A695-7176-4B3D-89F2-75099571FB51}.Debug|Any CPU.Build.0 = Debug|Any CPU
		{4D29A695-7176-4B3D-89F2-75099571FB51}.Debug|ARM.ActiveCfg = Debug|Any CPU
		{4D29A695-7176-4B3D-89F2-75099571FB51}.Debug|ARM.Build.0 = Debug|Any CPU
		{4D29A695-7176-4B3D-89F2-75099571FB51}.Debug|x64.ActiveCfg = Debug|Any CPU
		{4D29A695-7176-4B3D-89F2-75099571FB51}.Debug|x64.Build.0 = Debug|Any CPU
		{4D29A695-7176-4B3D-89F2-75099571FB51}.Debug|x86.ActiveCfg = Debug|Any CPU
		{4D29A695-7176-4B3D-89F2-75099571FB51}.Debug|x86.Build.0 = Debug|Any CPU
		{4D29A695-7176-4B3D-89F2-75099571FB51}.Release|Any CPU.ActiveCfg = Release|Any CPU
		{4D29A695-7176-4B3D-89F2-75099571FB51}.Release|Any CPU.Build.0 = Release|Any CPU
		{4D29A695-7176-4B3D-89F2-75099571FB51}.Release|ARM.ActiveCfg = Release|Any CPU
		{4D29A695-7176-4B3D-89F2-75099571FB51}.Release|ARM.Build.0 = Release|Any CPU
		{4D29A695-7176-4B3D-89F2-75099571FB51}.Release|x64.ActiveCfg = Release|Any CPU
		{4D29A695-7176-4B3D-89F2-75099571FB51}.Release|x64.Build.0 = Release|Any CPU
		{4D29A695-7176-4B3D-89F2-75099571FB51}.Release|x86.ActiveCfg = Release|Any CPU
		{4D29A695-7176-4B3D-89F2-75099571FB51}.Release|x86.Build.0 = Release|Any CPU
		{1EF2BD92-7B68-4A86-BC04-18C041B04DE7}.Debug|Any CPU.ActiveCfg = Debug|Any CPU
		{1EF2BD92-7B68-4A86-BC04-18C041B04DE7}.Debug|Any CPU.Build.0 = Debug|Any CPU
		{1EF2BD92-7B68-4A86-BC04-18C041B04DE7}.Debug|Any CPU.Deploy.0 = Debug|Any CPU
		{1EF2BD92-7B68-4A86-BC04-18C041B04DE7}.Debug|ARM.ActiveCfg = Debug|ARM
		{1EF2BD92-7B68-4A86-BC04-18C041B04DE7}.Debug|ARM.Build.0 = Debug|ARM
		{1EF2BD92-7B68-4A86-BC04-18C041B04DE7}.Debug|ARM.Deploy.0 = Debug|ARM
		{1EF2BD92-7B68-4A86-BC04-18C041B04DE7}.Debug|x64.ActiveCfg = Debug|x64
		{1EF2BD92-7B68-4A86-BC04-18C041B04DE7}.Debug|x64.Build.0 = Debug|x64
		{1EF2BD92-7B68-4A86-BC04-18C041B04DE7}.Debug|x64.Deploy.0 = Debug|x64
		{1EF2BD92-7B68-4A86-BC04-18C041B04DE7}.Debug|x86.ActiveCfg = Debug|x86
		{1EF2BD92-7B68-4A86-BC04-18C041B04DE7}.Debug|x86.Build.0 = Debug|x86
		{1EF2BD92-7B68-4A86-BC04-18C041B04DE7}.Debug|x86.Deploy.0 = Debug|x86
		{1EF2BD92-7B68-4A86-BC04-18C041B04DE7}.Release|Any CPU.ActiveCfg = Release|Any CPU
		{1EF2BD92-7B68-4A86-BC04-18C041B04DE7}.Release|Any CPU.Build.0 = Release|Any CPU
		{1EF2BD92-7B68-4A86-BC04-18C041B04DE7}.Release|Any CPU.Deploy.0 = Release|Any CPU
		{1EF2BD92-7B68-4A86-BC04-18C041B04DE7}.Release|ARM.ActiveCfg = Release|ARM
		{1EF2BD92-7B68-4A86-BC04-18C041B04DE7}.Release|ARM.Build.0 = Release|ARM
		{1EF2BD92-7B68-4A86-BC04-18C041B04DE7}.Release|ARM.Deploy.0 = Release|ARM
		{1EF2BD92-7B68-4A86-BC04-18C041B04DE7}.Release|x64.ActiveCfg = Release|x64
		{1EF2BD92-7B68-4A86-BC04-18C041B04DE7}.Release|x64.Build.0 = Release|x64
		{1EF2BD92-7B68-4A86-BC04-18C041B04DE7}.Release|x64.Deploy.0 = Release|x64
		{1EF2BD92-7B68-4A86-BC04-18C041B04DE7}.Release|x86.ActiveCfg = Release|x86
		{1EF2BD92-7B68-4A86-BC04-18C041B04DE7}.Release|x86.Build.0 = Release|x86
		{1EF2BD92-7B68-4A86-BC04-18C041B04DE7}.Release|x86.Deploy.0 = Release|x86
	EndGlobalSection
	GlobalSection(SolutionProperties) = preSolution
		HideSolutionNode = FALSE
	EndGlobalSection
	GlobalSection(ExtensibilityGlobals) = postSolution
		SolutionGuid = {16C7C8BE-5746-4C2F-9107-A262B135CF33}
	EndGlobalSection
EndGlobal
