
Microsoft Visual Studio Solution File, Format Version 12.00
# Visual Studio 15
VisualStudioVersion = 15.0.28010.2046
MinimumVisualStudioVersion = 10.0.40219.1
Project("{8BC9CEB8-8B4A-11D0-8D11-00A0C91BC942}") = "Task133cpp", "Task133cpp\Task133cpp.vcxproj", "{73C1A020-1B8E-49C8-918F-9BEC3474BB66}"
EndProject
Project("{2150E333-8FDC-42A3-9474-1A3956D46DE8}") = "Solution Items", "Solution Items", "{33683A4C-7619-4969-8A71-124FED44B90B}"
	ProjectSection(SolutionItems) = preProject
		README.md = README.md
	EndProjectSection
EndProject
Global
	GlobalSection(SolutionConfigurationPlatforms) = preSolution
		Debug|x64 = Debug|x64
		Debug|x86 = Debug|x86
		Release|x64 = Release|x64
		Release|x86 = Release|x86
	EndGlobalSection
	GlobalSection(ProjectConfigurationPlatforms) = postSolution
		{73C1A020-1B8E-49C8-918F-9BEC3474BB66}.Debug|x64.ActiveCfg = Debug|x64
		{73C1A020-1B8E-49C8-918F-9BEC3474BB66}.Debug|x64.Build.0 = Debug|x64
		{73C1A020-1B8E-49C8-918F-9BEC3474BB66}.Debug|x86.ActiveCfg = Debug|Win32
		{73C1A020-1B8E-49C8-918F-9BEC3474BB66}.Debug|x86.Build.0 = Debug|Win32
		{73C1A020-1B8E-49C8-918F-9BEC3474BB66}.Release|x64.ActiveCfg = Release|x64
		{73C1A020-1B8E-49C8-918F-9BEC3474BB66}.Release|x64.Build.0 = Release|x64
		{73C1A020-1B8E-49C8-918F-9BEC3474BB66}.Release|x86.ActiveCfg = Release|Win32
		{73C1A020-1B8E-49C8-918F-9BEC3474BB66}.Release|x86.Build.0 = Release|Win32
	EndGlobalSection
	GlobalSection(SolutionProperties) = preSolution
		HideSolutionNode = FALSE
	EndGlobalSection
	GlobalSection(ExtensibilityGlobals) = postSolution
		SolutionGuid = {16C7C8BE-5746-4C2F-9107-A262B135CF33}
	EndGlobalSection
EndGlobal
